
Microsoft Visual Studio Solution File, Format Version 12.00
# Visual Studio Version 17
VisualStudioVersion = 17.1.32319.34
MinimumVisualStudioVersion = 10.0.40219.1
Project("{FAE04EC0-301F-11D3-BF4B-00C04F79EFBC}") = "HomeWork7", "HomeWork7\HomeWork7.csproj", "{950D27F4-3AEB-4141-82B0-5D3D6DAA0F85}"
EndProject
Project("{FAE04EC0-301F-11D3-BF4B-00C04F79EFBC}") = "Example_751", "..\..\..\..\Desktop\Module7\Theme_07\Example_751\Example_751.csproj", "{BBDFDE6C-4896-41B6-8143-066B31C1A450}"
EndProject
Global
	GlobalSection(SolutionConfigurationPlatforms) = preSolution
		Debug|Any CPU = Debug|Any CPU
		Release|Any CPU = Release|Any CPU
	EndGlobalSection
	GlobalSection(ProjectConfigurationPlatforms) = postSolution
		{950D27F4-3AEB-4141-82B0-5D3D6DAA0F85}.Debug|Any CPU.ActiveCfg = Debug|Any CPU
		{950D27F4-3AEB-4141-82B0-5D3D6DAA0F85}.Debug|Any CPU.Build.0 = Debug|Any CPU
		{950D27F4-3AEB-4141-82B0-5D3D6DAA0F85}.Release|Any CPU.ActiveCfg = Release|Any CPU
		{950D27F4-3AEB-4141-82B0-5D3D6DAA0F85}.Release|Any CPU.Build.0 = Release|Any CPU
		{BBDFDE6C-4896-41B6-8143-066B31C1A450}.Debug|Any CPU.ActiveCfg = Debug|Any CPU
		{BBDFDE6C-4896-41B6-8143-066B31C1A450}.Debug|Any CPU.Build.0 = Debug|Any CPU
		{BBDFDE6C-4896-41B6-8143-066B31C1A450}.Release|Any CPU.ActiveCfg = Release|Any CPU
		{BBDFDE6C-4896-41B6-8143-066B31C1A450}.Release|Any CPU.Build.0 = Release|Any CPU
	EndGlobalSection
	GlobalSection(SolutionProperties) = preSolution
		HideSolutionNode = FALSE
	EndGlobalSection
	GlobalSection(ExtensibilityGlobals) = postSolution
		SolutionGuid = {33D4B5AD-793A-452D-A097-A7B23D5F94AC}
	EndGlobalSection
EndGlobal
